
Microsoft Visual Studio Solution File, Format Version 12.00
# Visual Studio Version 17
VisualStudioVersion = 17.7.34003.232
MinimumVisualStudioVersion = 10.0.40219.1
Project("{FAE04EC0-301F-11D3-BF4B-00C04F79EFBC}") = "CarStore", "CarStore\CarStore.csproj", "{AFBDD683-3FEC-456C-B1FD-659C502CD9BD}"
EndProject
Project("{2150E333-8FDC-42A3-9474-1A3956D46DE8}") = "Presentation", "Presentation", "{77828E9B-FF0F-4CED-A83F-26DCF0667F65}"
EndProject
Project("{2150E333-8FDC-42A3-9474-1A3956D46DE8}") = "Data+Entities", "Data+Entities", "{10046E0D-DAA3-4832-B2FA-5C8F873FD503}"
EndProject
Project("{2150E333-8FDC-42A3-9474-1A3956D46DE8}") = "Services", "Services", "{9D817315-D0AB-49E9-ADB6-892D8FF7FFF0}"
EndProject
Project("{FAE04EC0-301F-11D3-BF4B-00C04F79EFBC}") = "CarStore.Data", "CarStore.Data\CarStore.Data.csproj", "{D55A3C47-2444-42DD-8D07-C98F0E586F38}"
EndProject
Project("{FAE04EC0-301F-11D3-BF4B-00C04F79EFBC}") = "CarStore.Entities", "CarStore.Entities\CarStore.Entities.csproj", "{4DF7E19F-7252-45F0-B953-B558DC96C955}"
EndProject
Global
	GlobalSection(SolutionConfigurationPlatforms) = preSolution
		Debug|Any CPU = Debug|Any CPU
		Release|Any CPU = Release|Any CPU
	EndGlobalSection
	GlobalSection(ProjectConfigurationPlatforms) = postSolution
		{AFBDD683-3FEC-456C-B1FD-659C502CD9BD}.Debug|Any CPU.ActiveCfg = Debug|Any CPU
		{AFBDD683-3FEC-456C-B1FD-659C502CD9BD}.Debug|Any CPU.Build.0 = Debug|Any CPU
		{AFBDD683-3FEC-456C-B1FD-659C502CD9BD}.Release|Any CPU.ActiveCfg = Release|Any CPU
		{AFBDD683-3FEC-456C-B1FD-659C502CD9BD}.Release|Any CPU.Build.0 = Release|Any CPU
		{D55A3C47-2444-42DD-8D07-C98F0E586F38}.Debug|Any CPU.ActiveCfg = Debug|Any CPU
		{D55A3C47-2444-42DD-8D07-C98F0E586F38}.Debug|Any CPU.Build.0 = Debug|Any CPU
		{D55A3C47-2444-42DD-8D07-C98F0E586F38}.Release|Any CPU.ActiveCfg = Release|Any CPU
		{D55A3C47-2444-42DD-8D07-C98F0E586F38}.Release|Any CPU.Build.0 = Release|Any CPU
		{4DF7E19F-7252-45F0-B953-B558DC96C955}.Debug|Any CPU.ActiveCfg = Debug|Any CPU
		{4DF7E19F-7252-45F0-B953-B558DC96C955}.Debug|Any CPU.Build.0 = Debug|Any CPU
		{4DF7E19F-7252-45F0-B953-B558DC96C955}.Release|Any CPU.ActiveCfg = Release|Any CPU
		{4DF7E19F-7252-45F0-B953-B558DC96C955}.Release|Any CPU.Build.0 = Release|Any CPU
	EndGlobalSection
	GlobalSection(SolutionProperties) = preSolution
		HideSolutionNode = FALSE
	EndGlobalSection
	GlobalSection(NestedProjects) = preSolution
		{AFBDD683-3FEC-456C-B1FD-659C502CD9BD} = {77828E9B-FF0F-4CED-A83F-26DCF0667F65}
		{D55A3C47-2444-42DD-8D07-C98F0E586F38} = {10046E0D-DAA3-4832-B2FA-5C8F873FD503}
		{4DF7E19F-7252-45F0-B953-B558DC96C955} = {10046E0D-DAA3-4832-B2FA-5C8F873FD503}
	EndGlobalSection
	GlobalSection(ExtensibilityGlobals) = postSolution
		SolutionGuid = {866E8D96-4A79-4948-A434-A8E06E48512A}
	EndGlobalSection
EndGlobal
